github.com/chriso345/gore v0.0.5 h1:j7bfa7+Bs0RhNu/XFmKTs4ykFX37SbhpoAiVGW/DGkI=
github.com/chriso345/gore v0.0.5/go.mod h1:Fv/xn9j30WYPNiqOtgKRSH6KYl0wIF1ri1zExGmck/I=
github.com/chriso345/gspl v0.0.2 h1:J92I7OeazVuLqPJCuVAzWaBv3mfuXyFDbHMYN9D4eMg=
github.com/chriso345/gspl v0.0.2/go.mod h1:YCLElIcoCD+FOxKaEYxtwbIpAEl42WRIOejHRI94A1Y=
gonum.org/v1/gonum v0.16.0 h1:5+ul4Swaf3ESvrOnidPp4GZbzf0mxVQpDCYUQE7OJfk=
gonum.org/v1/gonum v0.16.0/go.mod h1:fef3am4MQ93R2HHpKnLk4/Tbh/s0+wqD5nfa6Pnwy4E=
